
Microsoft Visual Studio Solution File, Format Version 12.00
# Visual Studio Version 17
VisualStudioVersion = 17.0.31903.59
MinimumVisualStudioVersion = 10.0.40219.1
Project("{FAE04EC0-301F-11D3-BF4B-00C04F79EFBC}") = "CloudCore", "backend\CloudCore.csproj", "{EAF7F07A-4992-E729-D560-15EA275C8E7C}"
EndProject
Project("{2150E333-8FDC-42A3-9474-1A3956D46DE8}") = "backend", "backend", "{ADAC2BC3-60F8-4235-88BD-F4349B321097}"
EndProject
Project("{FAE04EC0-301F-11D3-BF4B-00C04F79EFBC}") = "CloudCore.Tests", "backend\CloudCore.Tests\CloudCore.Tests.csproj", "{96A954ED-5403-4D18-801F-F3C7B56EA166}"
EndProject
Global
	GlobalSection(SolutionConfigurationPlatforms) = preSolution
		Debug|Any CPU = Debug|Any CPU
		Release|Any CPU = Release|Any CPU
	EndGlobalSection
	GlobalSection(ProjectConfigurationPlatforms) = postSolution
		{EAF7F07A-4992-E729-D560-15EA275C8E7C}.Debug|Any CPU.ActiveCfg = Debug|Any CPU
		{EAF7F07A-4992-E729-D560-15EA275C8E7C}.Debug|Any CPU.Build.0 = Debug|Any CPU
		{EAF7F07A-4992-E729-D560-15EA275C8E7C}.Release|Any CPU.ActiveCfg = Release|Any CPU
		{EAF7F07A-4992-E729-D560-15EA275C8E7C}.Release|Any CPU.Build.0 = Release|Any CPU
		{96A954ED-5403-4D18-801F-F3C7B56EA166}.Debug|Any CPU.ActiveCfg = Debug|Any CPU
		{96A954ED-5403-4D18-801F-F3C7B56EA166}.Debug|Any CPU.Build.0 = Debug|Any CPU
		{96A954ED-5403-4D18-801F-F3C7B56EA166}.Release|Any CPU.ActiveCfg = Release|Any CPU
		{96A954ED-5403-4D18-801F-F3C7B56EA166}.Release|Any CPU.Build.0 = Release|Any CPU
	EndGlobalSection
	GlobalSection(SolutionProperties) = preSolution
		HideSolutionNode = FALSE
	EndGlobalSection
	GlobalSection(NestedProjects) = preSolution
		{96A954ED-5403-4D18-801F-F3C7B56EA166} = {ADAC2BC3-60F8-4235-88BD-F4349B321097}
	EndGlobalSection
	GlobalSection(ExtensibilityGlobals) = postSolution
		SolutionGuid = {2ED0D511-6A90-49B2-9DA3-A0E5468CA243}
	EndGlobalSection
EndGlobal
